PODS:
  - Alamofire (5.4.3)
  - AnimatedCollectionViewLayout (1.1.0)
  - BubbleTransition (3.2.0)
  - CircleBar (0.8.2)
  - DWAnimatedLabel (1.2)
  - I3DRecorder (1.0.9)
  - SwiftyJSON (5.0.1)
  - Tg3dMobileScanSDK-iOS (1.0.2)
  - ZIPFoundation (0.9.15)

DEPENDENCIES:
  - Alamofire
  - AnimatedCollectionViewLayout
  - BubbleTransition (~> 3.2.0)
  - CircleBar
  - DWAnimatedLabel (~> 1.1)
  - I3DRecorder (from `https://github.com/TG3Ds/in3D-iOS-SDK.git`)
  - SwiftyJSON
  - Tg3dMobileScanSDK-iOS
  - ZIPFoundation (~> 0.9)

SPEC REPOS:
  trunk:
    - Alamofire
    - AnimatedCollectionViewLayout
    - BubbleTransition
    - CircleBar
    - DWAnimatedLabel
    - SwiftyJSON
    - Tg3dMobileScanSDK-iOS
    - ZIPFoundation

EXTERNAL SOURCES:
  I3DRecorder:
    :git: https://github.com/TG3Ds/in3D-iOS-SDK.git

CHECKOUT OPTIONS:
  I3DRecorder:
    :commit: ecacda74609f1a0c376d019aba4568501c7bd440
    :git: https://github.com/TG3Ds/in3D-iOS-SDK.git

SPEC CHECKSUMS:
  Alamofire: e447a2774a40c996748296fa2c55112fdbbc42f9
  AnimatedCollectionViewLayout: 0c1a38c4be115c525c887be183fc91ef65737c5d
  BubbleTransition: 2f112cc19772d9ab199bc850de92f5eb34744bce
  CircleBar: 8e17d2090e6e319b518010535a3145fb8fd68c22
  DWAnimatedLabel: 2c5742ea5584187592508e5cee0a9b0e8e8c6af0
  I3DRecorder: 6dea027c1326474a6acf8834a9e95c775e143561
  SwiftyJSON: 2f33a42c6fbc52764d96f13368585094bfd8aa5e
  Tg3dMobileScanSDK-iOS: 1f66452e7ca2aaf20c59ff6669b192a60223e731
  ZIPFoundation: 063163dc828bf699c5be160eb4f58f676322d94f

PODFILE CHECKSUM: 3a91982fbd84da204515049280d5aa6b8f4f8906

COCOAPODS: 1.12.1
